{
  "name": "contract_new",
  "lockfileVersion": 2,
  "requires": true,
  "packages": {
    "": {
      "dependencies": {
        "@openzeppelin/contracts": "^4.4.0",
        "solidity-util": "github:willitscale/solidity-util"
      }
    },
    "node_modules/@openzeppelin/contracts": {
      "version": "4.4.0",
      "resolved": "https://registry.npmjs.org/@openzeppelin/contracts/-/contracts-4.4.0.tgz",
      "integrity": "sha512-dlKiZmDvJnGRLHojrDoFZJmsQVeltVeoiRN7RK+cf2FmkhASDEblE0RiaYdxPNsUZa6mRG8393b9bfyp+V5IAw=="
    },
    "node_modules/solidity-util": {
      "version": "2.0.0",
      "resolved": "git+ssh://git@github.com/willitscale/solidity-util.git#000a42d4d7c1491cde4381c29d4b775fa7e99aac",
      "license": "Apache-2.0"
    }
  },
  "dependencies": {
    "@openzeppelin/contracts": {
      "version": "4.4.0",
      "resolved": "https://registry.npmjs.org/@openzeppelin/contracts/-/contracts-4.4.0.tgz",
      "integrity": "sha512-dlKiZmDvJnGRLHojrDoFZJmsQVeltVeoiRN7RK+cf2FmkhASDEblE0RiaYdxPNsUZa6mRG8393b9bfyp+V5IAw=="
    },
    "solidity-util": {
      "version": "git+ssh://git@github.com/willitscale/solidity-util.git#000a42d4d7c1491cde4381c29d4b775fa7e99aac",
      "from": "solidity-util@willitscale/solidity-util"
    }
  }
}
